
Microsoft Visual Studio Solution File, Format Version 12.00
# Visual Studio Version 17
VisualStudioVersion = 17.2.32630.192
MinimumVisualStudioVersion = 10.0.40219.1
Project("{FAE04EC0-301F-11D3-BF4B-00C04F79EFBC}") = "Movie_Ratings", "Movie_Ratings.csproj", "{10A27345-A44A-4FD9-85A5-90A7E39CF5CD}"
EndProject
Global
	GlobalSection(SolutionConfigurationPlatforms) = preSolution
		Debug|Any CPU = Debug|Any CPU
		Release|Any CPU = Release|Any CPU
	EndGlobalSection
	GlobalSection(ProjectConfigurationPlatforms) = postSolution
		{10A27345-A44A-4FD9-85A5-90A7E39CF5CD}.Debug|Any CPU.ActiveCfg = Debug|Any CPU
		{10A27345-A44A-4FD9-85A5-90A7E39CF5CD}.Debug|Any CPU.Build.0 = Debug|Any CPU
		{10A27345-A44A-4FD9-85A5-90A7E39CF5CD}.Release|Any CPU.ActiveCfg = Release|Any CPU
		{10A27345-A44A-4FD9-85A5-90A7E39CF5CD}.Release|Any CPU.Build.0 = Release|Any CPU
	EndGlobalSection
	GlobalSection(SolutionProperties) = preSolution
		HideSolutionNode = FALSE
	EndGlobalSection
	GlobalSection(ExtensibilityGlobals) = postSolution
		SolutionGuid = {A3B84F68-DA79-42A3-BA08-E56A400FB927}
	EndGlobalSection
EndGlobal
